Microsoft Visual Studio Solution File, Format Version 12.00
# Visual Studio Version 17
VisualStudioVersion = 17.5.2.0
MinimumVisualStudioVersion = 10.0.40219.1
Project("{FAE04EC0-301F-11D3-BF4B-00C04F79EFBC}") = "Conduit", "Conduit.csproj", "{C46A4E68-A4B6-3774-D7A4-28B034A57DBF}"
EndProject
Global
	GlobalSection(SolutionConfigurationPlatforms) = preSolution
		Debug|Any CPU = Debug|Any CPU
		Release|Any CPU = Release|Any CPU
	EndGlobalSection
	GlobalSection(ProjectConfigurationPlatforms) = postSolution
		{C46A4E68-A4B6-3774-D7A4-28B034A57DBF}.Debug|Any CPU.ActiveCfg = Debug|Any CPU
		{C46A4E68-A4B6-3774-D7A4-28B034A57DBF}.Debug|Any CPU.Build.0 = Debug|Any CPU
		{C46A4E68-A4B6-3774-D7A4-28B034A57DBF}.Release|Any CPU.ActiveCfg = Release|Any CPU
		{C46A4E68-A4B6-3774-D7A4-28B034A57DBF}.Release|Any CPU.Build.0 = Release|Any CPU
	EndGlobalSection
	GlobalSection(SolutionProperties) = preSolution
		HideSolutionNode = FALSE
	EndGlobalSection
	GlobalSection(ExtensibilityGlobals) = postSolution
		SolutionGuid = {26D3DF48-4D38-4585-9892-2E3FAB2C4A5B}
	EndGlobalSection
EndGlobal
